<?xml version="1.0" encoding="utf-8"?>
<Project ToolsVersion="4.0" xmlns="http://schemas.microsoft.com/developer/msbuild/2003">
  <ItemGroup>
    <ClCompile Include="Error.cpp">
      <Filter>Source Files</Filter>
    </ClCompile>
    <ClCompile Include="FrontEndLink.cpp">
      <Filter>Source Files</Filter>
    </ClCompile>
    <ClCompile Include="MasterLink.cpp">
      <Filter>Source Files</Filter>
    </ClCompile>
    <ClCompile Include="TCPConnection.cpp">
      <Filter>Source Files</Filter>
    </ClCompile>
    <ClCompile Include="TCPMessage.cpp">
      <Filter>Source Files</Filter>
    </ClCompile>
    <ClCompile Include="NetLink.cpp">
      <Filter>Source Files</Filter>
    </ClCompile>
    <ClCompile Include="Tag.cpp">
      <Filter>Source Files</Filter>
    </ClCompile>
    <ClCompile Include="TagSystem.cpp">
      <Filter>Source Files</Filter>
    </ClCompile>
    <ClCompile Include="Master_TCP.cpp">
      <Filter>Source Files</Filter>
    </ClCompile>
    <ClCompile Include="HeartBeatTimer.cpp">
      <Filter>Source Files</Filter>
    </ClCompile>
    <ClCompile Include="FE_TCP.cpp">
      <Filter>Source Files</Filter>
    </ClCompile>
  </ItemGroup>
  <ItemGroup>
    <ClInclude Include="Error.h">
      <Filter>Header Files</Filter>
    </ClInclude>
    <ClInclude Include="FrontEndLink.h">
      <Filter>Header Files</Filter>
    </ClInclude>
    <ClInclude Include="MasterLink.h">
      <Filter>Header Files</Filter>
    </ClInclude>
    <ClInclude Include="NetLink.h">
      <Filter>Header Files</Filter>
    </ClInclude>
    <ClInclude Include="TCPConnection.h">
      <Filter>Header Files</Filter>
    </ClInclude>
    <ClInclude Include="TCPMessage.h">
      <Filter>Header Files</Filter>
    </ClInclude>
    <ClInclude Include="Tag.h">
      <Filter>Header Files</Filter>
    </ClInclude>
    <ClInclude Include="TagSystem.h">
      <Filter>Header Files</Filter>
    </ClInclude>
    <ClInclude Include="Master_TCP.h">
      <Filter>Header Files</Filter>
    </ClInclude>
    <ClInclude Include="HeartBeatTimer.h">
      <Filter>Header Files</Filter>
    </ClInclude>
    <ClInclude Include="FE_TCP.h">
      <Filter>Header Files</Filter>
    </ClInclude>
    <ClInclude Include="TCPSerializer.cpp">
      <Filter>Source Files</Filter>
    </ClInclude>
  </ItemGroup>
  <ItemGroup>
    <Filter Include="Header Files">
      <UniqueIdentifier>{a586aeac-eee8-433f-a9db-56f26f74b824}</UniqueIdentifier>
    </Filter>
    <Filter Include="Source Files">
      <UniqueIdentifier>{b2a23b64-23fd-4e2a-af03-df76025080d0}</UniqueIdentifier>
    </Filter>
  </ItemGroup>
</Project>